// !$*UTF8*$!
{
	archiveVersion = 1;
	classes = {
	};
	objectVersion = 56;
	objects = {

/* Begin PBXBuildFile section */
		8B61D6BB2A79E7B400A9BC2F /* DetailViewController.swift in Sources */ = {isa = PBXBuildFile; fileRef = 8B61D6BA2A79E7B400A9BC2F /* DetailViewController.swift */; };
		8B7F12D92A7672C5006A6B39 /* Case3TableViewCell.swift in Sources */ = {isa = PBXBuildFile; fileRef = 8B7F12D82A7672C5006A6B39 /* Case3TableViewCell.swift */; };
		8B89F1912A7389C600DC5A82 /* TodoCS.swift in Sources */ = {isa = PBXBuildFile; fileRef = 8B89F1902A7389C500DC5A82 /* TodoCS.swift */; };
		8B89F1932A738A1300DC5A82 /* TodoCSInformation.swift in Sources */ = {isa = PBXBuildFile; fileRef = 8B89F1922A738A1300DC5A82 /* TodoCSInformation.swift */; };
		8B89F1952A73A25400DC5A82 /* Movie.storyboard in Resources */ = {isa = PBXBuildFile; fileRef = 8B89F1942A73A25400DC5A82 /* Movie.storyboard */; };
		8B91CC332A7650760023A74D /* MovieTableViewCell.swift in Sources */ = {isa = PBXBuildFile; fileRef = 8B91CC322A7650760023A74D /* MovieTableViewCell.swift */; };
		8BCB61C22A757031003458D0 /* MovieTableViewController.swift in Sources */ = {isa = PBXBuildFile; fileRef = 8BCB61C12A757031003458D0 /* MovieTableViewController.swift */; };
		8BCB61C42A75759C003458D0 /* MovieInfo.swift in Sources */ = {isa = PBXBuildFile; fileRef = 8BCB61C32A75759C003458D0 /* MovieInfo.swift */; };
		8BFE0C412A720007001C90D2 /* AppDelegate.swift in Sources */ = {isa = PBXBuildFile; fileRef = 8BFE0C402A720007001C90D2 /* AppDelegate.swift */; };
		8BFE0C432A720007001C90D2 /* SceneDelegate.swift in Sources */ = {isa = PBXBuildFile; fileRef = 8BFE0C422A720007001C90D2 /* SceneDelegate.swift */; };
		8BFE0C452A720007001C90D2 /* ViewController.swift in Sources */ = {isa = PBXBuildFile; fileRef = 8BFE0C442A720007001C90D2 /* ViewController.swift */; };
		8BFE0C482A720007001C90D2 /* Main.storyboard in Resources */ = {isa = PBXBuildFile; fileRef = 8BFE0C462A720007001C90D2 /* Main.storyboard */; };
		8BFE0C4A2A720008001C90D2 /* Assets.xcassets in Resources */ = {isa = PBXBuildFile; fileRef = 8BFE0C492A720008001C90D2 /* Assets.xcassets */; };
		8BFE0C4D2A720008001C90D2 /* LaunchScreen.storyboard in Resources */ = {isa = PBXBuildFile; fileRef = 8BFE0C4B2A720008001C90D2 /* LaunchScreen.storyboard */; };
		8BFE0C552A720FF2001C90D2 /* TodoTableViewController.swift in Sources */ = {isa = PBXBuildFile; fileRef = 8BFE0C542A720FF2001C90D2 /* TodoTableViewController.swift */; };
		8BFE0C572A7232DC001C90D2 /* StudyTableViewController.swift in Sources */ = {isa = PBXBuildFile; fileRef = 8BFE0C562A7232DC001C90D2 /* StudyTableViewController.swift */; };
		8BFE0C592A724969001C90D2 /* Extension.swift in Sources */ = {isa = PBXBuildFile; fileRef = 8BFE0C582A724969001C90D2 /* Extension.swift */; };
		8BFE0C5B2A72539F001C90D2 /* AssignCase1TableViewController.swift in Sources */ = {isa = PBXBuildFile; fileRef = 8BFE0C5A2A72539F001C90D2 /* AssignCase1TableViewController.swift */; };
		8BFE0C5D2A726584001C90D2 /* AssignCase2TableViewController.swift in Sources */ = {isa = PBXBuildFile; fileRef = 8BFE0C5C2A726584001C90D2 /* AssignCase2TableViewController.swift */; };
		8BFE0C5F2A726E4F001C90D2 /* Enumeration.swift in Sources */ = {isa = PBXBuildFile; fileRef = 8BFE0C5E2A726E4F001C90D2 /* Enumeration.swift */; };
		8BFE0C612A727D25001C90D2 /* AssignCase3TableViewController.swift in Sources */ = {isa = PBXBuildFile; fileRef = 8BFE0C602A727D25001C90D2 /* AssignCase3TableViewController.swift */; };
		8BFE0C632A727F1F001C90D2 /* Struct.swift in Sources */ = {isa = PBXBuildFile; fileRef = 8BFE0C622A727F1F001C90D2 /* Struct.swift */; };
		8BFE0C672A73504D001C90D2 /* CustomCellTableViewController.swift in Sources */ = {isa = PBXBuildFile; fileRef = 8BFE0C662A73504D001C90D2 /* CustomCellTableViewController.swift */; };
		8BFE0C692A735288001C90D2 /* CustomTableViewCell.swift in Sources */ = {isa = PBXBuildFile; fileRef = 8BFE0C682A735288001C90D2 /* CustomTableViewCell.swift */; };
/* End PBXBuildFile section */

/* Begin PBXFileReference section */
		8B61D6BA2A79E7B400A9BC2F /* DetailViewController.swift */ = {isa = PBXFileReference; lastKnownFileType = sourcecode.swift; path = DetailViewController.swift; sourceTree = SOURCE_ROOT; };
		8B7F12D82A7672C5006A6B39 /* Case3TableViewCell.swift */ = {isa = PBXFileReference; lastKnownFileType = sourcecode.swift; path = Case3TableViewCell.swift; sourceTree = "<group>"; };
		8B89F1902A7389C500DC5A82 /* TodoCS.swift */ = {isa = PBXFileReference; lastKnownFileType = sourcecode.swift; path = TodoCS.swift; sourceTree = "<group>"; };
		8B89F1922A738A1300DC5A82 /* TodoCSInformation.swift */ = {isa = PBXFileReference; lastKnownFileType = sourcecode.swift; name = TodoCSInformation.swift; path = SeSacWeek3/Model/TodoCSInformation.swift; sourceTree = SOURCE_ROOT; };
		8B89F1942A73A25400DC5A82 /* Movie.storyboard */ = {isa = PBXFileReference; lastKnownFileType = file.storyboard; path = Movie.storyboard; sourceTree = "<group>"; };
		8B91CC322A7650760023A74D /* MovieTableViewCell.swift */ = {isa = PBXFileReference; lastKnownFileType = sourcecode.swift; path = MovieTableViewCell.swift; sourceTree = "<group>"; };
		8BCB61C12A757031003458D0 /* MovieTableViewController.swift */ = {isa = PBXFileReference; lastKnownFileType = sourcecode.swift; path = MovieTableViewController.swift; sourceTree = "<group>"; };
		8BCB61C32A75759C003458D0 /* MovieInfo.swift */ = {isa = PBXFileReference; fileEncoding = 4; lastKnownFileType = sourcecode.swift; path = MovieInfo.swift; sourceTree = "<group>"; };
		8BFE0C3D2A720007001C90D2 /* SeSacWeek3.app */ = {isa = PBXFileReference; explicitFileType = wrapper.application; includeInIndex = 0; path = SeSacWeek3.app; sourceTree = BUILT_PRODUCTS_DIR; };
		8BFE0C402A720007001C90D2 /* AppDelegate.swift */ = {isa = PBXFileReference; lastKnownFileType = sourcecode.swift; path = AppDelegate.swift; sourceTree = "<group>"; };
		8BFE0C422A720007001C90D2 /* SceneDelegate.swift */ = {isa = PBXFileReference; lastKnownFileType = sourcecode.swift; path = SceneDelegate.swift; sourceTree = "<group>"; };
		8BFE0C442A720007001C90D2 /* ViewController.swift */ = {isa = PBXFileReference; lastKnownFileType = sourcecode.swift; path = ViewController.swift; sourceTree = "<group>"; };
		8BFE0C472A720007001C90D2 /* Base */ = {isa = PBXFileReference; lastKnownFileType = file.storyboard; name = Base; path = Base.lproj/Main.storyboard; sourceTree = "<group>"; };
		8BFE0C492A720008001C90D2 /* Assets.xcassets */ = {isa = PBXFileReference; lastKnownFileType = folder.assetcatalog; path = Assets.xcassets; sourceTree = "<group>"; };
		8BFE0C4C2A720008001C90D2 /* Base */ = {isa = PBXFileReference; lastKnownFileType = file.storyboard; name = Base; path = Base.lproj/LaunchScreen.storyboard; sourceTree = "<group>"; };
		8BFE0C4E2A720008001C90D2 /* Info.plist */ = {isa = PBXFileReference; lastKnownFileType = text.plist.xml; path = Info.plist; sourceTree = "<group>"; };
		8BFE0C542A720FF2001C90D2 /* TodoTableViewController.swift */ = {isa = PBXFileReference; lastKnownFileType = sourcecode.swift; path = TodoTableViewController.swift; sourceTree = "<group>"; };
		8BFE0C562A7232DC001C90D2 /* StudyTableViewController.swift */ = {isa = PBXFileReference; lastKnownFileType = sourcecode.swift; path = StudyTableViewController.swift; sourceTree = SOURCE_ROOT; };
		8BFE0C582A724969001C90D2 /* Extension.swift */ = {isa = PBXFileReference; lastKnownFileType = sourcecode.swift; path = Extension.swift; sourceTree = "<group>"; };
		8BFE0C5A2A72539F001C90D2 /* AssignCase1TableViewController.swift */ = {isa = PBXFileReference; lastKnownFileType = sourcecode.swift; name = AssignCase1TableViewController.swift; path = SeSacWeek3/Assignment/AssignCase1TableViewController.swift; sourceTree = SOURCE_ROOT; };
		8BFE0C5C2A726584001C90D2 /* AssignCase2TableViewController.swift */ = {isa = PBXFileReference; lastKnownFileType = sourcecode.swift; name = AssignCase2TableViewController.swift; path = SeSacWeek3/Assignment/AssignCase2TableViewController.swift; sourceTree = SOURCE_ROOT; };
		8BFE0C5E2A726E4F001C90D2 /* Enumeration.swift */ = {isa = PBXFileReference; lastKnownFileType = sourcecode.swift; path = Enumeration.swift; sourceTree = "<group>"; };
		8BFE0C602A727D25001C90D2 /* AssignCase3TableViewController.swift */ = {isa = PBXFileReference; lastKnownFileType = sourcecode.swift; path = AssignCase3TableViewController.swift; sourceTree = "<group>"; };
		8BFE0C622A727F1F001C90D2 /* Struct.swift */ = {isa = PBXFileReference; lastKnownFileType = sourcecode.swift; path = Struct.swift; sourceTree = "<group>"; };
		8BFE0C662A73504D001C90D2 /* CustomCellTableViewController.swift */ = {isa = PBXFileReference; lastKnownFileType = sourcecode.swift; name = CustomCellTableViewController.swift; path = SeSacWeek3/CustomCell/CustomCellTableViewController.swift; sourceTree = SOURCE_ROOT; };
		8BFE0C682A735288001C90D2 /* CustomTableViewCell.swift */ = {isa = PBXFileReference; lastKnownFileType = sourcecode.swift; path = CustomTableViewCell.swift; sourceTree = "<group>"; };
/* End PBXFileReference section */

/* Begin PBXFrameworksBuildPhase section */
		8BFE0C3A2A720007001C90D2 /* Frameworks */ = {
			isa = PBXFrameworksBuildPhase;
			buildActionMask = 2147483647;
			files = (
			);
			runOnlyForDeploymentPostprocessing = 0;
		};
/* End PBXFrameworksBuildPhase section */

/* Begin PBXGroup section */
		8B89F1962A73A25E00DC5A82 /* Movie assignment */ = {
			isa = PBXGroup;
			children = (
				8B89F1942A73A25400DC5A82 /* Movie.storyboard */,
				8BCB61C32A75759C003458D0 /* MovieInfo.swift */,
				8BCB61C12A757031003458D0 /* MovieTableViewController.swift */,
				8B91CC322A7650760023A74D /* MovieTableViewCell.swift */,
			);
			path = "Movie assignment";
			sourceTree = "<group>";
		};
		8B89F1972A73A6F200DC5A82 /* Model */ = {
			isa = PBXGroup;
			children = (
				8B89F1902A7389C500DC5A82 /* TodoCS.swift */,
				8B89F1922A738A1300DC5A82 /* TodoCSInformation.swift */,
				8BFE0C5E2A726E4F001C90D2 /* Enumeration.swift */,
				8BFE0C622A727F1F001C90D2 /* Struct.swift */,
			);
			path = Model;
			sourceTree = "<group>";
		};
		8B89F1982A73A70700DC5A82 /* CustomCell */ = {
			isa = PBXGroup;
			children = (
				8BFE0C662A73504D001C90D2 /* CustomCellTableViewController.swift */,
				8BFE0C682A735288001C90D2 /* CustomTableViewCell.swift */,
				8B7F12D82A7672C5006A6B39 /* Case3TableViewCell.swift */,
			);
			path = CustomCell;
			sourceTree = "<group>";
		};
		8B89F1992A73A71400DC5A82 /* Assignment */ = {
			isa = PBXGroup;
			children = (
				8BFE0C5A2A72539F001C90D2 /* AssignCase1TableViewController.swift */,
				8BFE0C5C2A726584001C90D2 /* AssignCase2TableViewController.swift */,
				8BFE0C602A727D25001C90D2 /* AssignCase3TableViewController.swift */,
			);
			path = Assignment;
			sourceTree = "<group>";
		};
		8BFE0C342A720007001C90D2 = {
			isa = PBXGroup;
			children = (
				8BFE0C3F2A720007001C90D2 /* SeSacWeek3 */,
				8BFE0C3E2A720007001C90D2 /* Products */,
			);
			sourceTree = "<group>";
		};
		8BFE0C3E2A720007001C90D2 /* Products */ = {
			isa = PBXGroup;
			children = (
				8BFE0C3D2A720007001C90D2 /* SeSacWeek3.app */,
			);
			name = Products;
			sourceTree = "<group>";
		};
		8BFE0C3F2A720007001C90D2 /* SeSacWeek3 */ = {
			isa = PBXGroup;
			children = (
				8B61D6BA2A79E7B400A9BC2F /* DetailViewController.swift */,
				8B89F1972A73A6F200DC5A82 /* Model */,
				8B89F1982A73A70700DC5A82 /* CustomCell */,
				8B89F1992A73A71400DC5A82 /* Assignment */,
				8BFE0C562A7232DC001C90D2 /* StudyTableViewController.swift */,
				8BFE0C542A720FF2001C90D2 /* TodoTableViewController.swift */,
				8BFE0C402A720007001C90D2 /* AppDelegate.swift */,
				8BFE0C422A720007001C90D2 /* SceneDelegate.swift */,
				8BFE0C442A720007001C90D2 /* ViewController.swift */,
				8BFE0C582A724969001C90D2 /* Extension.swift */,
				8BFE0C462A720007001C90D2 /* Main.storyboard */,
				8B89F1962A73A25E00DC5A82 /* Movie assignment */,
				8BFE0C492A720008001C90D2 /* Assets.xcassets */,
				8BFE0C4B2A720008001C90D2 /* LaunchScreen.storyboard */,
				8BFE0C4E2A720008001C90D2 /* Info.plist */,
			);
			path = SeSacWeek3;
			sourceTree = "<group>";
		};
/* End PBXGroup section */

/* Begin PBXNativeTarget section */
		8BFE0C3C2A720007001C90D2 /* SeSacWeek3 */ = {
			isa = PBXNativeTarget;
			buildConfigurationList = 8BFE0C512A720008001C90D2 /* Build configuration list for PBXNativeTarget "SeSacWeek3" */;
			buildPhases = (
				8BFE0C392A720007001C90D2 /* Sources */,
				8BFE0C3A2A720007001C90D2 /* Frameworks */,
				8BFE0C3B2A720007001C90D2 /* Resources */,
			);
			buildRules = (
			);
			dependencies = (
			);
			name = SeSacWeek3;
			productName = SeSacWeek3;
			productReference = 8BFE0C3D2A720007001C90D2 /* SeSacWeek3.app */;
			productType = "com.apple.product-type.application";
		};
/* End PBXNativeTarget section */

/* Begin PBXProject section */
		8BFE0C352A720007001C90D2 /* Project object */ = {
			isa = PBXProject;
			attributes = {
				BuildIndependentTargetsInParallel = 1;
				LastSwiftUpdateCheck = 1430;
				LastUpgradeCheck = 1430;
				TargetAttributes = {
					8BFE0C3C2A720007001C90D2 = {
						CreatedOnToolsVersion = 14.3.1;
					};
				};
			};
			buildConfigurationList = 8BFE0C382A720007001C90D2 /* Build configuration list for PBXProject "SeSacWeek3" */;
			compatibilityVersion = "Xcode 14.0";
			developmentRegion = en;
			hasScannedForEncodings = 0;
			knownRegions = (
				en,
				Base,
			);
			mainGroup = 8BFE0C342A720007001C90D2;
			productRefGroup = 8BFE0C3E2A720007001C90D2 /* Products */;
			projectDirPath = "";
			projectRoot = "";
			targets = (
				8BFE0C3C2A720007001C90D2 /* SeSacWeek3 */,
			);
		};
/* End PBXProject section */

/* Begin PBXResourcesBuildPhase section */
		8BFE0C3B2A720007001C90D2 /* Resources */ = {
			isa = PBXResourcesBuildPhase;
			buildActionMask = 2147483647;
			files = (
				8BFE0C4D2A720008001C90D2 /* LaunchScreen.storyboard in Resources */,
				8BFE0C4A2A720008001C90D2 /* Assets.xcassets in Resources */,
				8BFE0C482A720007001C90D2 /* Main.storyboard in Resources */,
				8B89F1952A73A25400DC5A82 /* Movie.storyboard in Resources */,
			);
			runOnlyForDeploymentPostprocessing = 0;
		};
/* End PBXResourcesBuildPhase section */

/* Begin PBXSourcesBuildPhase section */
		8BFE0C392A720007001C90D2 /* Sources */ = {
			isa = PBXSourcesBuildPhase;
			buildActionMask = 2147483647;
			files = (
				8BFE0C452A720007001C90D2 /* ViewController.swift in Sources */,
				8BFE0C632A727F1F001C90D2 /* Struct.swift in Sources */,
				8BFE0C5D2A726584001C90D2 /* AssignCase2TableViewController.swift in Sources */,
				8B89F1912A7389C600DC5A82 /* TodoCS.swift in Sources */,
				8BCB61C22A757031003458D0 /* MovieTableViewController.swift in Sources */,
				8B89F1932A738A1300DC5A82 /* TodoCSInformation.swift in Sources */,
				8BFE0C612A727D25001C90D2 /* AssignCase3TableViewController.swift in Sources */,
				8B61D6BB2A79E7B400A9BC2F /* DetailViewController.swift in Sources */,
				8BFE0C672A73504D001C90D2 /* CustomCellTableViewController.swift in Sources */,
				8BFE0C5F2A726E4F001C90D2 /* Enumeration.swift in Sources */,
				8BCB61C42A75759C003458D0 /* MovieInfo.swift in Sources */,
				8BFE0C552A720FF2001C90D2 /* TodoTableViewController.swift in Sources */,
				8BFE0C5B2A72539F001C90D2 /* AssignCase1TableViewController.swift in Sources */,
				8BFE0C572A7232DC001C90D2 /* StudyTableViewController.swift in Sources */,
				8B91CC332A7650760023A74D /* MovieTableViewCell.swift in Sources */,
				8BFE0C592A724969001C90D2 /* Extension.swift in Sources */,
				8B7F12D92A7672C5006A6B39 /* Case3TableViewCell.swift in Sources */,
				8BFE0C412A720007001C90D2 /* AppDelegate.swift in Sources */,
				8BFE0C432A720007001C90D2 /* SceneDelegate.swift in Sources */,
				8BFE0C692A735288001C90D2 /* CustomTableViewCell.swift in Sources */,
			);
			runOnlyForDeploymentPostprocessing = 0;
		};
/* End PBXSourcesBuildPhase section */

/* Begin PBXVariantGroup section */
		8BFE0C462A720007001C90D2 /* Main.storyboard */ = {
			isa = PBXVariantGroup;
			children = (
				8BFE0C472A720007001C90D2 /* Base */,
			);
			name = Main.storyboard;
			sourceTree = "<group>";
		};
		8BFE0C4B2A720008001C90D2 /* LaunchScreen.storyboard */ = {
			isa = PBXVariantGroup;
			children = (
				8BFE0C4C2A720008001C90D2 /* Base */,
			);
			name = LaunchScreen.storyboard;
			sourceTree = "<group>";
		};
/* End PBXVariantGroup section */

/* Begin XCBuildConfiguration section */
		8BFE0C4F2A720008001C90D2 /* Debug */ = {
			isa = XCBuildConfiguration;
			buildSettings = {
				ALWAYS_SEARCH_USER_PATHS = NO;
				CLANG_ANALYZER_NONNULL = YES;
				CLANG_ANALYZER_NUMBER_OBJECT_CONVERSION = YES_AGGRESSIVE;
				CLANG_CXX_LANGUAGE_STANDARD = "gnu++20";
				CLANG_ENABLE_MODULES = YES;
				CLANG_ENABLE_OBJC_ARC = YES;
				CLANG_ENABLE_OBJC_WEAK = YES;
				CLANG_WARN_BLOCK_CAPTURE_AUTORELEASING = YES;
				CLANG_WARN_BOOL_CONVERSION = YES;
				CLANG_WARN_COMMA = YES;
				CLANG_WARN_CONSTANT_CONVERSION = YES;
				CLANG_WARN_DEPRECATED_OBJC_IMPLEMENTATIONS = YES;
				CLANG_WARN_DIRECT_OBJC_ISA_USAGE = YES_ERROR;
				CLANG_WARN_DOCUMENTATION_COMMENTS = YES;
				CLANG_WARN_EMPTY_BODY = YES;
				CLANG_WARN_ENUM_CONVERSION = YES;
				CLANG_WARN_INFINITE_RECURSION = YES;
				CLANG_WARN_INT_CONVERSION = YES;
				CLANG_WARN_NON_LITERAL_NULL_CONVERSION = YES;
				CLANG_WARN_OBJC_IMPLICIT_RETAIN_SELF = YES;
				CLANG_WARN_OBJC_LITERAL_CONVERSION = YES;
				CLANG_WARN_OBJC_ROOT_CLASS = YES_ERROR;
				CLANG_WARN_QUOTED_INCLUDE_IN_FRAMEWORK_HEADER = YES;
				CLANG_WARN_RANGE_LOOP_ANALYSIS = YES;
				CLANG_WARN_STRICT_PROTOTYPES = YES;
				CLANG_WARN_SUSPICIOUS_MOVE = YES;
				CLANG_WARN_UNGUARDED_AVAILABILITY = YES_AGGRESSIVE;
				CLANG_WARN_UNREACHABLE_CODE = YES;
				CLANG_WARN__DUPLICATE_METHOD_MATCH = YES;
				COPY_PHASE_STRIP = NO;
				DEBUG_INFORMATION_FORMAT = dwarf;
				ENABLE_STRICT_OBJC_MSGSEND = YES;
				ENABLE_TESTABILITY = YES;
				GCC_C_LANGUAGE_STANDARD = gnu11;
				GCC_DYNAMIC_NO_PIC = NO;
				GCC_NO_COMMON_BLOCKS = YES;
				GCC_OPTIMIZATION_LEVEL = 0;
				GCC_PREPROCESSOR_DEFINITIONS = (
					"DEBUG=1",
					"$(inherited)",
				);
				GCC_WARN_64_TO_32_BIT_CONVERSION = YES;
				GCC_WARN_ABOUT_RETURN_TYPE = YES_ERROR;
				GCC_WARN_UNDECLARED_SELECTOR = YES;
				GCC_WARN_UNINITIALIZED_AUTOS = YES_AGGRESSIVE;
				GCC_WARN_UNUSED_FUNCTION = YES;
				GCC_WARN_UNUSED_VARIABLE = YES;
				IPHONEOS_DEPLOYMENT_TARGET = 16.4;
				MTL_ENABLE_DEBUG_INFO = INCLUDE_SOURCE;
				MTL_FAST_MATH = YES;
				ONLY_ACTIVE_ARCH = YES;
				SDKROOT = iphoneos;
				SWIFT_ACTIVE_COMPILATION_CONDITIONS = DEBUG;
				SWIFT_OPTIMIZATION_LEVEL = "-Onone";
			};
			name = Debug;
		};
		8BFE0C502A720008001C90D2 /* Release */ = {
			isa = XCBuildConfiguration;
			buildSettings = {
				ALWAYS_SEARCH_USER_PATHS = NO;
				CLANG_ANALYZER_NONNULL = YES;
				CLANG_ANALYZER_NUMBER_OBJECT_CONVERSION = YES_AGGRESSIVE;
				CLANG_CXX_LANGUAGE_STANDARD = "gnu++20";
				CLANG_ENABLE_MODULES = YES;
				CLANG_ENABLE_OBJC_ARC = YES;
				CLANG_ENABLE_OBJC_WEAK = YES;
				CLANG_WARN_BLOCK_CAPTURE_AUTORELEASING = YES;
				CLANG_WARN_BOOL_CONVERSION = YES;
				CLANG_WARN_COMMA = YES;
				CLANG_WARN_CONSTANT_CONVERSION = YES;
				CLANG_WARN_DEPRECATED_OBJC_IMPLEMENTATIONS = YES;
				CLANG_WARN_DIRECT_OBJC_ISA_USAGE = YES_ERROR;
				CLANG_WARN_DOCUMENTATION_COMMENTS = YES;
				CLANG_WARN_EMPTY_BODY = YES;
				CLANG_WARN_ENUM_CONVERSION = YES;
				CLANG_WARN_INFINITE_RECURSION = YES;
				CLANG_WARN_INT_CONVERSION = YES;
				CLANG_WARN_NON_LITERAL_NULL_CONVERSION = YES;
				CLANG_WARN_OBJC_IMPLICIT_RETAIN_SELF = YES;
				CLANG_WARN_OBJC_LITERAL_CONVERSION = YES;
				CLANG_WARN_OBJC_ROOT_CLASS = YES_ERROR;
				CLANG_WARN_QUOTED_INCLUDE_IN_FRAMEWORK_HEADER = YES;
				CLANG_WARN_RANGE_LOOP_ANALYSIS = YES;
				CLANG_WARN_STRICT_PROTOTYPES = YES;
				CLANG_WARN_SUSPICIOUS_MOVE = YES;
				CLANG_WARN_UNGUARDED_AVAILABILITY = YES_AGGRESSIVE;
				CLANG_WARN_UNREACHABLE_CODE = YES;
				CLANG_WARN__DUPLICATE_METHOD_MATCH = YES;
				COPY_PHASE_STRIP = NO;
				DEBUG_INFORMATION_FORMAT = "dwarf-with-dsym";
				ENABLE_NS_ASSERTIONS = NO;
				ENABLE_STRICT_OBJC_MSGSEND = YES;
				GCC_C_LANGUAGE_STANDARD = gnu11;
				GCC_NO_COMMON_BLOCKS = YES;
				GCC_WARN_64_TO_32_BIT_CONVERSION = YES;
				GCC_WARN_ABOUT_RETURN_TYPE = YES_ERROR;
				GCC_WARN_UNDECLARED_SELECTOR = YES;
				GCC_WARN_UNINITIALIZED_AUTOS = YES_AGGRESSIVE;
				GCC_WARN_UNUSED_FUNCTION = YES;
				GCC_WARN_UNUSED_VARIABLE = YES;
				IPHONEOS_DEPLOYMENT_TARGET = 16.4;
				MTL_ENABLE_DEBUG_INFO = NO;
				MTL_FAST_MATH = YES;
				SDKROOT = iphoneos;
				SWIFT_COMPILATION_MODE = wholemodule;
				SWIFT_OPTIMIZATION_LEVEL = "-O";
				VALIDATE_PRODUCT = YES;
			};
			name = Release;
		};
		8BFE0C522A720008001C90D2 /* Debug */ = {
			isa = XCBuildConfiguration;
			buildSettings = {
				ASSETCATALOG_COMPILER_APPICON_NAME = AppIcon;
				ASSETCATALOG_COMPILER_GLOBAL_ACCENT_COLOR_NAME = AccentColor;
				CODE_SIGN_STYLE = Automatic;
				CURRENT_PROJECT_VERSION = 1;
				GENERATE_INFOPLIST_FILE = YES;
				INFOPLIST_FILE = SeSacWeek3/Info.plist;
				INFOPLIST_KEY_UIApplicationSupportsIndirectInputEvents = YES;
				INFOPLIST_KEY_UILaunchStoryboardName = LaunchScreen;
				INFOPLIST_KEY_UIMainStoryboardFile = Main;
				INFOPLIST_KEY_UISupportedInterfaceOrientations_iPad = "UIInterfaceOrientationPortrait UIInterfaceOrientationPortraitUpsideDown UIInterfaceOrientationLandscapeLeft UIInterfaceOrientationLandscapeRight";
				INFOPLIST_KEY_UISupportedInterfaceOrientations_iPhone = "UIInterfaceOrientationPortrait UIInterfaceOrientationLandscapeLeft UIInterfaceOrientationLandscapeRight";
				LD_RUNPATH_SEARCH_PATHS = (
					"$(inherited)",
					"@executable_path/Frameworks",
				);
				MARKETING_VERSION = 1.0;
				PRODUCT_BUNDLE_IDENTIFIER = com.SoomanHong.SeSacWeek3;
				PRODUCT_NAME = "$(TARGET_NAME)";
				SWIFT_EMIT_LOC_STRINGS = YES;
				SWIFT_VERSION = 5.0;
				TARGETED_DEVICE_FAMILY = "1,2";
			};
			name = Debug;
		};
		8BFE0C532A720008001C90D2 /* Release */ = {
			isa = XCBuildConfiguration;
			buildSettings = {
				ASSETCATALOG_COMPILER_APPICON_NAME = AppIcon;
				ASSETCATALOG_COMPILER_GLOBAL_ACCENT_COLOR_NAME = AccentColor;
				CODE_SIGN_STYLE = Automatic;
				CURRENT_PROJECT_VERSION = 1;
				GENERATE_INFOPLIST_FILE = YES;
				INFOPLIST_FILE = SeSacWeek3/Info.plist;
				INFOPLIST_KEY_UIApplicationSupportsIndirectInputEvents = YES;
				INFOPLIST_KEY_UILaunchStoryboardName = LaunchScreen;
				INFOPLIST_KEY_UIMainStoryboardFile = Main;
				INFOPLIST_KEY_UISupportedInterfaceOrientations_iPad = "UIInterfaceOrientationPortrait UIInterfaceOrientationPortraitUpsideDown UIInterfaceOrientationLandscapeLeft UIInterfaceOrientationLandscapeRight";
				INFOPLIST_KEY_UISupportedInterfaceOrientations_iPhone = "UIInterfaceOrientationPortrait UIInterfaceOrientationLandscapeLeft UIInterfaceOrientationLandscapeRight";
				LD_RUNPATH_SEARCH_PATHS = (
					"$(inherited)",
					"@executable_path/Frameworks",
				);
				MARKETING_VERSION = 1.0;
				PRODUCT_BUNDLE_IDENTIFIER = com.SoomanHong.SeSacWeek3;
				PRODUCT_NAME = "$(TARGET_NAME)";
				SWIFT_EMIT_LOC_STRINGS = YES;
				SWIFT_VERSION = 5.0;
				TARGETED_DEVICE_FAMILY = "1,2";
			};
			name = Release;
		};
/* End XCBuildConfiguration section */

/* Begin XCConfigurationList section */
		8BFE0C382A720007001C90D2 /* Build configuration list for PBXProject "SeSacWeek3" */ = {
			isa = XCConfigurationList;
			buildConfigurations = (
				8BFE0C4F2A720008001C90D2 /* Debug */,
				8BFE0C502A720008001C90D2 /* Release */,
			);
			defaultConfigurationIsVisible = 0;
			defaultConfigurationName = Release;
		};
		8BFE0C512A720008001C90D2 /* Build configuration list for PBXNativeTarget "SeSacWeek3" */ = {
			isa = XCConfigurationList;
			buildConfigurations = (
				8BFE0C522A720008001C90D2 /* Debug */,
				8BFE0C532A720008001C90D2 /* Release */,
			);
			defaultConfigurationIsVisible = 0;
			defaultConfigurationName = Release;
		};
/* End XCConfigurationList section */
	};
	rootObject = 8BFE0C352A720007001C90D2 /* Project object */;
}
